
Microsoft Visual Studio Solution File, Format Version 12.00
# Visual Studio Version 17
VisualStudioVersion = 17.9.34902.65
MinimumVisualStudioVersion = 10.0.40219.1
Project("{FAE04EC0-301F-11D3-BF4B-00C04F79EFBC}") = "Audio_player", "Audio_player.csproj", "{9194AD07-FCB9-42E0-8DE1-601BC83556F2}"
EndProject
Global
	GlobalSection(SolutionConfigurationPlatforms) = preSolution
		Debug|Any CPU = Debug|Any CPU
		Release|Any CPU = Release|Any CPU
	EndGlobalSection
	GlobalSection(ProjectConfigurationPlatforms) = postSolution
		{9194AD07-FCB9-42E0-8DE1-601BC83556F2}.Debug|Any CPU.ActiveCfg = Debug|Any CPU
		{9194AD07-FCB9-42E0-8DE1-601BC83556F2}.Debug|Any CPU.Build.0 = Debug|Any CPU
		{9194AD07-FCB9-42E0-8DE1-601BC83556F2}.Release|Any CPU.ActiveCfg = Release|Any CPU
		{9194AD07-FCB9-42E0-8DE1-601BC83556F2}.Release|Any CPU.Build.0 = Release|Any CPU
	EndGlobalSection
	GlobalSection(SolutionProperties) = preSolution
		HideSolutionNode = FALSE
	EndGlobalSection
	GlobalSection(ExtensibilityGlobals) = postSolution
		SolutionGuid = {BE46B2A8-D4AF-43BF-80CD-A24CC88C9241}
	EndGlobalSection
EndGlobal
